// !$*UTF8*$!
{
	archiveVersion = 1;
	classes = {
	};
	objectVersion = 50;
	objects = {

/* Begin PBXBuildFile section */
		6625D60022A99BF70089782A /* AppDelegate.swift in Sources */ = {isa = PBXBuildFile; fileRef = 6625D5FF22A99BF70089782A /* AppDelegate.swift */; };
		6625D60522A99BF70089782A /* Main.storyboard in Resources */ = {isa = PBXBuildFile; fileRef = 6625D60322A99BF70089782A /* Main.storyboard */; };
		6625D60722A99BF80089782A /* Assets.xcassets in Resources */ = {isa = PBXBuildFile; fileRef = 6625D60622A99BF80089782A /* Assets.xcassets */; };
		6625D60A22A99BF80089782A /* LaunchScreen.storyboard in Resources */ = {isa = PBXBuildFile; fileRef = 6625D60822A99BF80089782A /* LaunchScreen.storyboard */; };
		6625D61222A99C670089782A /* Question.swift in Sources */ = {isa = PBXBuildFile; fileRef = 6625D61122A99C670089782A /* Question.swift */; };
		6625D61522A99CF90089782A /* QuestionController.swift in Sources */ = {isa = PBXBuildFile; fileRef = 6625D61422A99CF90089782A /* QuestionController.swift */; };
		6625D61822A9A31E0089782A /* QuestionTableViewController.swift in Sources */ = {isa = PBXBuildFile; fileRef = 6625D61722A9A31E0089782A /* QuestionTableViewController.swift */; };
		6625D61A22A9A3400089782A /* QuestionTableViewCell.swift in Sources */ = {isa = PBXBuildFile; fileRef = 6625D61922A9A3400089782A /* QuestionTableViewCell.swift */; };
		6625D61D22A9A5DA0089782A /* AskQuestionViewController.swift in Sources */ = {isa = PBXBuildFile; fileRef = 6625D61C22A9A5DA0089782A /* AskQuestionViewController.swift */; };
		6625D61F22A9A7C10089782A /* AnswerViewController.swift in Sources */ = {isa = PBXBuildFile; fileRef = 6625D61E22A9A7C10089782A /* AnswerViewController.swift */; };
/* End PBXBuildFile section */

/* Begin PBXFileReference section */
		6625D5FC22A99BF70089782A /* Q&A.app */ = {isa = PBXFileReference; explicitFileType = wrapper.application; includeInIndex = 0; path = "Q&A.app"; sourceTree = BUILT_PRODUCTS_DIR; };
		6625D5FF22A99BF70089782A /* AppDelegate.swift */ = {isa = PBXFileReference; lastKnownFileType = sourcecode.swift; path = AppDelegate.swift; sourceTree = "<group>"; };
		6625D60422A99BF70089782A /* Base */ = {isa = PBXFileReference; lastKnownFileType = file.storyboard; name = Base; path = Base.lproj/Main.storyboard; sourceTree = "<group>"; };
		6625D60622A99BF80089782A /* Assets.xcassets */ = {isa = PBXFileReference; lastKnownFileType = folder.assetcatalog; path = Assets.xcassets; sourceTree = "<group>"; };
		6625D60922A99BF80089782A /* Base */ = {isa = PBXFileReference; lastKnownFileType = file.storyboard; name = Base; path = Base.lproj/LaunchScreen.storyboard; sourceTree = "<group>"; };
		6625D60B22A99BF80089782A /* Info.plist */ = {isa = PBXFileReference; lastKnownFileType = text.plist.xml; path = Info.plist; sourceTree = "<group>"; };
		6625D61122A99C670089782A /* Question.swift */ = {isa = PBXFileReference; lastKnownFileType = sourcecode.swift; path = Question.swift; sourceTree = "<group>"; };
		6625D61422A99CF90089782A /* QuestionController.swift */ = {isa = PBXFileReference; lastKnownFileType = sourcecode.swift; path = QuestionController.swift; sourceTree = "<group>"; };
		6625D61722A9A31E0089782A /* QuestionTableViewController.swift */ = {isa = PBXFileReference; lastKnownFileType = sourcecode.swift; path = QuestionTableViewController.swift; sourceTree = "<group>"; };
		6625D61922A9A3400089782A /* QuestionTableViewCell.swift */ = {isa = PBXFileReference; lastKnownFileType = sourcecode.swift; path = QuestionTableViewCell.swift; sourceTree = "<group>"; };
		6625D61C22A9A5DA0089782A /* AskQuestionViewController.swift */ = {isa = PBXFileReference; lastKnownFileType = sourcecode.swift; path = AskQuestionViewController.swift; sourceTree = "<group>"; };
		6625D61E22A9A7C10089782A /* AnswerViewController.swift */ = {isa = PBXFileReference; lastKnownFileType = sourcecode.swift; path = AnswerViewController.swift; sourceTree = "<group>"; };
/* End PBXFileReference section */

/* Begin PBXFrameworksBuildPhase section */
		6625D5F922A99BF70089782A /* Frameworks */ = {
			isa = PBXFrameworksBuildPhase;
			buildActionMask = 2147483647;
			files = (
			);
			runOnlyForDeploymentPostprocessing = 0;
		};
/* End PBXFrameworksBuildPhase section */

/* Begin PBXGroup section */
		6625D5F322A99BF70089782A = {
			isa = PBXGroup;
			children = (
				6625D5FE22A99BF70089782A /* Q&A */,
				6625D5FD22A99BF70089782A /* Products */,
			);
			sourceTree = "<group>";
		};
		6625D5FD22A99BF70089782A /* Products */ = {
			isa = PBXGroup;
			children = (
				6625D5FC22A99BF70089782A /* Q&A.app */,
			);
			name = Products;
			sourceTree = "<group>";
		};
		6625D5FE22A99BF70089782A /* Q&A */ = {
			isa = PBXGroup;
			children = (
				6625D61322A99C6B0089782A /* Model */,
				6625D61B22A9A3440089782A /* Views */,
				6625D61622A99CFD0089782A /* Controller */,
				6625D60322A99BF70089782A /* Main.storyboard */,
				6625D5FF22A99BF70089782A /* AppDelegate.swift */,
				6625D60622A99BF80089782A /* Assets.xcassets */,
				6625D60822A99BF80089782A /* LaunchScreen.storyboard */,
				6625D60B22A99BF80089782A /* Info.plist */,
			);
			path = "Q&A";
			sourceTree = "<group>";
		};
		6625D61322A99C6B0089782A /* Model */ = {
			isa = PBXGroup;
			children = (
				6625D61122A99C670089782A /* Question.swift */,
			);
			path = Model;
			sourceTree = "<group>";
		};
		6625D61622A99CFD0089782A /* Controller */ = {
			isa = PBXGroup;
			children = (
				6625D61422A99CF90089782A /* QuestionController.swift */,
				6625D61722A9A31E0089782A /* QuestionTableViewController.swift */,
				6625D61C22A9A5DA0089782A /* AskQuestionViewController.swift */,
				6625D61E22A9A7C10089782A /* AnswerViewController.swift */,
			);
			path = Controller;
			sourceTree = "<group>";
		};
		6625D61B22A9A3440089782A /* Views */ = {
			isa = PBXGroup;
			children = (
				6625D61922A9A3400089782A /* QuestionTableViewCell.swift */,
			);
			path = Views;
			sourceTree = "<group>";
		};
/* End PBXGroup section */

/* Begin PBXNativeTarget section */
		6625D5FB22A99BF70089782A /* Q&A */ = {
			isa = PBXNativeTarget;
			buildConfigurationList = 6625D60E22A99BF80089782A /* Build configuration list for PBXNativeTarget "Q&A" */;
			buildPhases = (
				6625D5F822A99BF70089782A /* Sources */,
				6625D5F922A99BF70089782A /* Frameworks */,
				6625D5FA22A99BF70089782A /* Resources */,
			);
			buildRules = (
			);
			dependencies = (
			);
			name = "Q&A";
			productName = "Q&A";
			productReference = 6625D5FC22A99BF70089782A /* Q&A.app */;
			productType = "com.apple.product-type.application";
		};
/* End PBXNativeTarget section */

/* Begin PBXProject section */
		6625D5F422A99BF70089782A /* Project object */ = {
			isa = PBXProject;
			attributes = {
				LastSwiftUpdateCheck = 1020;
				LastUpgradeCheck = 1020;
				ORGANIZATIONNAME = "Sean Acres";
				TargetAttributes = {
					6625D5FB22A99BF70089782A = {
						CreatedOnToolsVersion = 10.2.1;
					};
				};
			};
			buildConfigurationList = 6625D5F722A99BF70089782A /* Build configuration list for PBXProject "Q&A" */;
			compatibilityVersion = "Xcode 9.3";
			developmentRegion = en;
			hasScannedForEncodings = 0;
			knownRegions = (
				en,
				Base,
			);
			mainGroup = 6625D5F322A99BF70089782A;
			productRefGroup = 6625D5FD22A99BF70089782A /* Products */;
			projectDirPath = "";
			projectRoot = "";
			targets = (
				6625D5FB22A99BF70089782A /* Q&A */,
			);
		};
/* End PBXProject section */

/* Begin PBXResourcesBuildPhase section */
		6625D5FA22A99BF70089782A /* Resources */ = {
			isa = PBXResourcesBuildPhase;
			buildActionMask = 2147483647;
			files = (
				6625D60A22A99BF80089782A /* LaunchScreen.storyboard in Resources */,
				6625D60722A99BF80089782A /* Assets.xcassets in Resources */,
				6625D60522A99BF70089782A /* Main.storyboard in Resources */,
			);
			runOnlyForDeploymentPostprocessing = 0;
		};
/* End PBXResourcesBuildPhase section */

/* Begin PBXSourcesBuildPhase section */
		6625D5F822A99BF70089782A /* Sources */ = {
			isa = PBXSourcesBuildPhase;
			buildActionMask = 2147483647;
			files = (
				6625D61222A99C670089782A /* Question.swift in Sources */,
				6625D61F22A9A7C10089782A /* AnswerViewController.swift in Sources */,
				6625D61A22A9A3400089782A /* QuestionTableViewCell.swift in Sources */,
				6625D61D22A9A5DA0089782A /* AskQuestionViewController.swift in Sources */,
				6625D61822A9A31E0089782A /* QuestionTableViewController.swift in Sources */,
				6625D60022A99BF70089782A /* AppDelegate.swift in Sources */,
				6625D61522A99CF90089782A /* QuestionController.swift in Sources */,
			);
			runOnlyForDeploymentPostprocessing = 0;
		};
/* End PBXSourcesBuildPhase section */

/* Begin PBXVariantGroup section */
		6625D60322A99BF70089782A /* Main.storyboard */ = {
			isa = PBXVariantGroup;
			children = (
				6625D60422A99BF70089782A /* Base */,
			);
			name = Main.storyboard;
			sourceTree = "<group>";
		};
		6625D60822A99BF80089782A /* LaunchScreen.storyboard */ = {
			isa = PBXVariantGroup;
			children = (
				6625D60922A99BF80089782A /* Base */,
			);
			name = LaunchScreen.storyboard;
			sourceTree = "<group>";
		};
/* End PBXVariantGroup section */

/* Begin XCBuildConfiguration section */
		6625D60C22A99BF80089782A /* Debug */ = {
			isa = XCBuildConfiguration;
			buildSettings = {
				ALWAYS_SEARCH_USER_PATHS = NO;
				CLANG_ANALYZER_NONNULL = YES;
				CLANG_ANALYZER_NUMBER_OBJECT_CONVERSION = YES_AGGRESSIVE;
				CLANG_CXX_LANGUAGE_STANDARD = "gnu++14";
				CLANG_CXX_LIBRARY = "libc++";
				CLANG_ENABLE_MODULES = YES;
				CLANG_ENABLE_OBJC_ARC = YES;
				CLANG_ENABLE_OBJC_WEAK = YES;
				CLANG_WARN_BLOCK_CAPTURE_AUTORELEASING = YES;
				CLANG_WARN_BOOL_CONVERSION = YES;
				CLANG_WARN_COMMA = YES;
				CLANG_WARN_CONSTANT_CONVERSION = YES;
				CLANG_WARN_DEPRECATED_OBJC_IMPLEMENTATIONS = YES;
				CLANG_WARN_DIRECT_OBJC_ISA_USAGE = YES_ERROR;
				CLANG_WARN_DOCUMENTATION_COMMENTS = YES;
				CLANG_WARN_EMPTY_BODY = YES;
				CLANG_WARN_ENUM_CONVERSION = YES;
				CLANG_WARN_INFINITE_RECURSION = YES;
				CLANG_WARN_INT_CONVERSION = YES;
				CLANG_WARN_NON_LITERAL_NULL_CONVERSION = YES;
				CLANG_WARN_OBJC_IMPLICIT_RETAIN_SELF = YES;
				CLANG_WARN_OBJC_LITERAL_CONVERSION = YES;
				CLANG_WARN_OBJC_ROOT_CLASS = YES_ERROR;
				CLANG_WARN_RANGE_LOOP_ANALYSIS = YES;
				CLANG_WARN_STRICT_PROTOTYPES = YES;
				CLANG_WARN_SUSPICIOUS_MOVE = YES;
				CLANG_WARN_UNGUARDED_AVAILABILITY = YES_AGGRESSIVE;
				CLANG_WARN_UNREACHABLE_CODE = YES;
				CLANG_WARN__DUPLICATE_METHOD_MATCH = YES;
				CODE_SIGN_IDENTITY = "iPhone Developer";
				COPY_PHASE_STRIP = NO;
				DEBUG_INFORMATION_FORMAT = dwarf;
				ENABLE_STRICT_OBJC_MSGSEND = YES;
				ENABLE_TESTABILITY = YES;
				GCC_C_LANGUAGE_STANDARD = gnu11;
				GCC_DYNAMIC_NO_PIC = NO;
				GCC_NO_COMMON_BLOCKS = YES;
				GCC_OPTIMIZATION_LEVEL = 0;
				GCC_PREPROCESSOR_DEFINITIONS = (
					"DEBUG=1",
					"$(inherited)",
				);
				GCC_WARN_64_TO_32_BIT_CONVERSION = YES;
				GCC_WARN_ABOUT_RETURN_TYPE = YES_ERROR;
				GCC_WARN_UNDECLARED_SELECTOR = YES;
				GCC_WARN_UNINITIALIZED_AUTOS = YES_AGGRESSIVE;
				GCC_WARN_UNUSED_FUNCTION = YES;
				GCC_WARN_UNUSED_VARIABLE = YES;
				IPHONEOS_DEPLOYMENT_TARGET = 12.2;
				MTL_ENABLE_DEBUG_INFO = INCLUDE_SOURCE;
				MTL_FAST_MATH = YES;
				ONLY_ACTIVE_ARCH = YES;
				SDKROOT = iphoneos;
				SWIFT_ACTIVE_COMPILATION_CONDITIONS = DEBUG;
				SWIFT_OPTIMIZATION_LEVEL = "-Onone";
			};
			name = Debug;
		};
		6625D60D22A99BF80089782A /* Release */ = {
			isa = XCBuildConfiguration;
			buildSettings = {
				ALWAYS_SEARCH_USER_PATHS = NO;
				CLANG_ANALYZER_NONNULL = YES;
				CLANG_ANALYZER_NUMBER_OBJECT_CONVERSION = YES_AGGRESSIVE;
				CLANG_CXX_LANGUAGE_STANDARD = "gnu++14";
				CLANG_CXX_LIBRARY = "libc++";
				CLANG_ENABLE_MODULES = YES;
				CLANG_ENABLE_OBJC_ARC = YES;
				CLANG_ENABLE_OBJC_WEAK = YES;
				CLANG_WARN_BLOCK_CAPTURE_AUTORELEASING = YES;
				CLANG_WARN_BOOL_CONVERSION = YES;
				CLANG_WARN_COMMA = YES;
				CLANG_WARN_CONSTANT_CONVERSION = YES;
				CLANG_WARN_DEPRECATED_OBJC_IMPLEMENTATIONS = YES;
				CLANG_WARN_DIRECT_OBJC_ISA_USAGE = YES_ERROR;
				CLANG_WARN_DOCUMENTATION_COMMENTS = YES;
				CLANG_WARN_EMPTY_BODY = YES;
				CLANG_WARN_ENUM_CONVERSION = YES;
				CLANG_WARN_INFINITE_RECURSION = YES;
				CLANG_WARN_INT_CONVERSION = YES;
				CLANG_WARN_NON_LITERAL_NULL_CONVERSION = YES;
				CLANG_WARN_OBJC_IMPLICIT_RETAIN_SELF = YES;
				CLANG_WARN_OBJC_LITERAL_CONVERSION = YES;
				CLANG_WARN_OBJC_ROOT_CLASS = YES_ERROR;
				CLANG_WARN_RANGE_LOOP_ANALYSIS = YES;
				CLANG_WARN_STRICT_PROTOTYPES = YES;
				CLANG_WARN_SUSPICIOUS_MOVE = YES;
				CLANG_WARN_UNGUARDED_AVAILABILITY = YES_AGGRESSIVE;
				CLANG_WARN_UNREACHABLE_CODE = YES;
				CLANG_WARN__DUPLICATE_METHOD_MATCH = YES;
				CODE_SIGN_IDENTITY = "iPhone Developer";
				COPY_PHASE_STRIP = NO;
				DEBUG_INFORMATION_FORMAT = "dwarf-with-dsym";
				ENABLE_NS_ASSERTIONS = NO;
				ENABLE_STRICT_OBJC_MSGSEND = YES;
				GCC_C_LANGUAGE_STANDARD = gnu11;
				GCC_NO_COMMON_BLOCKS = YES;
				GCC_WARN_64_TO_32_BIT_CONVERSION = YES;
				GCC_WARN_ABOUT_RETURN_TYPE = YES_ERROR;
				GCC_WARN_UNDECLARED_SELECTOR = YES;
				GCC_WARN_UNINITIALIZED_AUTOS = YES_AGGRESSIVE;
				GCC_WARN_UNUSED_FUNCTION = YES;
				GCC_WARN_UNUSED_VARIABLE = YES;
				IPHONEOS_DEPLOYMENT_TARGET = 12.2;
				MTL_ENABLE_DEBUG_INFO = NO;
				MTL_FAST_MATH = YES;
				SDKROOT = iphoneos;
				SWIFT_COMPILATION_MODE = wholemodule;
				SWIFT_OPTIMIZATION_LEVEL = "-O";
				VALIDATE_PRODUCT = YES;
			};
			name = Release;
		};
		6625D60F22A99BF80089782A /* Debug */ = {
			isa = XCBuildConfiguration;
			buildSettings = {
				ASSETCATALOG_COMPILER_APPICON_NAME = AppIcon;
				CODE_SIGN_STYLE = Automatic;
				DEVELOPMENT_TEAM = 64HJH4K2FC;
				INFOPLIST_FILE = "Q&A/Info.plist";
				LD_RUNPATH_SEARCH_PATHS = (
					"$(inherited)",
					"@executable_path/Frameworks",
				);
				PRODUCT_BUNDLE_IDENTIFIER = "com.shakers.Q-A";
				PRODUCT_NAME = "$(TARGET_NAME)";
				SWIFT_VERSION = 5.0;
				TARGETED_DEVICE_FAMILY = "1,2";
			};
			name = Debug;
		};
		6625D61022A99BF80089782A /* Release */ = {
			isa = XCBuildConfiguration;
			buildSettings = {
				ASSETCATALOG_COMPILER_APPICON_NAME = AppIcon;
				CODE_SIGN_STYLE = Automatic;
				DEVELOPMENT_TEAM = 64HJH4K2FC;
				INFOPLIST_FILE = "Q&A/Info.plist";
				LD_RUNPATH_SEARCH_PATHS = (
					"$(inherited)",
					"@executable_path/Frameworks",
				);
				PRODUCT_BUNDLE_IDENTIFIER = "com.shakers.Q-A";
				PRODUCT_NAME = "$(TARGET_NAME)";
				SWIFT_VERSION = 5.0;
				TARGETED_DEVICE_FAMILY = "1,2";
			};
			name = Release;
		};
/* End XCBuildConfiguration section */

/* Begin XCConfigurationList section */
		6625D5F722A99BF70089782A /* Build configuration list for PBXProject "Q&A" */ = {
			isa = XCConfigurationList;
			buildConfigurations = (
				6625D60C22A99BF80089782A /* Debug */,
				6625D60D22A99BF80089782A /* Release */,
			);
			defaultConfigurationIsVisible = 0;
			defaultConfigurationName = Release;
		};
		6625D60E22A99BF80089782A /* Build configuration list for PBXNativeTarget "Q&A" */ = {
			isa = XCConfigurationList;
			buildConfigurations = (
				6625D60F22A99BF80089782A /* Debug */,
				6625D61022A99BF80089782A /* Release */,
			);
			defaultConfigurationIsVisible = 0;
			defaultConfigurationName = Release;
		};
/* End XCConfigurationList section */
	};
	rootObject = 6625D5F422A99BF70089782A /* Project object */;
}
